
Microsoft Visual Studio Solution File, Format Version 12.00
# Visual Studio Version 17
VisualStudioVersion = 17.3.32922.545
MinimumVisualStudioVersion = 10.0.40219.1
Project("{FAE04EC0-301F-11D3-BF4B-00C04F79EFBC}") = "AngularAuthYtAPI", "AngularAuthYtAPI\AngularAuthYtAPI.csproj", "{9B72197B-D3BB-49BA-9B71-C0EBAD8C2054}"
EndProject
Global
	GlobalSection(SolutionConfigurationPlatforms) = preSolution
		Debug|Any CPU = Debug|Any CPU
		Release|Any CPU = Release|Any CPU
	EndGlobalSection
	GlobalSection(ProjectConfigurationPlatforms) = postSolution
		{9B72197B-D3BB-49BA-9B71-C0EBAD8C2054}.Debug|Any CPU.ActiveCfg = Debug|Any CPU
		{9B72197B-D3BB-49BA-9B71-C0EBAD8C2054}.Debug|Any CPU.Build.0 = Debug|Any CPU
		{9B72197B-D3BB-49BA-9B71-C0EBAD8C2054}.Release|Any CPU.ActiveCfg = Release|Any CPU
		{9B72197B-D3BB-49BA-9B71-C0EBAD8C2054}.Release|Any CPU.Build.0 = Release|Any CPU
	EndGlobalSection
	GlobalSection(SolutionProperties) = preSolution
		HideSolutionNode = FALSE
	EndGlobalSection
	GlobalSection(ExtensibilityGlobals) = postSolution
		SolutionGuid = {32AC9C63-2E4F-4216-AA6A-EDA1CF54414B}
	EndGlobalSection
EndGlobal
